
Microsoft Visual Studio Solution File, Format Version 12.00
# Visual Studio Version 16
VisualStudioVersion = 16.0.31729.503
MinimumVisualStudioVersion = 10.0.40219.1
Project("{FAE04EC0-301F-11D3-BF4B-00C04F79EFBC}") = "ArrayPractice", "ArrayPractice\ArrayPractice.csproj", "{C6475DF0-356B-44C1-89E5-B2AE133FB81E}"
EndProject
Global
	GlobalSection(SolutionConfigurationPlatforms) = preSolution
		Debug|Any CPU = Debug|Any CPU
		Release|Any CPU = Release|Any CPU
	EndGlobalSection
	GlobalSection(ProjectConfigurationPlatforms) = postSolution
		{C6475DF0-356B-44C1-89E5-B2AE133FB81E}.Debug|Any CPU.ActiveCfg = Debug|Any CPU
		{C6475DF0-356B-44C1-89E5-B2AE133FB81E}.Debug|Any CPU.Build.0 = Debug|Any CPU
		{C6475DF0-356B-44C1-89E5-B2AE133FB81E}.Release|Any CPU.ActiveCfg = Release|Any CPU
		{C6475DF0-356B-44C1-89E5-B2AE133FB81E}.Release|Any CPU.Build.0 = Release|Any CPU
	EndGlobalSection
	GlobalSection(SolutionProperties) = preSolution
		HideSolutionNode = FALSE
	EndGlobalSection
	GlobalSection(ExtensibilityGlobals) = postSolution
		SolutionGuid = {1E911362-2172-4C32-BB1E-DF26F8266326}
	EndGlobalSection
EndGlobal
